
Microsoft Visual Studio Solution File, Format Version 12.00
# Visual Studio Version 16
VisualStudioVersion = 16.0.29102.190
MinimumVisualStudioVersion = 10.0.40219.1
Project("{8BC9CEB8-8B4A-11D0-8D11-00A0C91BC942}") = "DcryptUnit", "DcryptUnit\DcryptUnit.vcxproj", "{EA91DBEF-DB4B-4AE0-AA4F-C93E5E31282E}"
EndProject
Global
	GlobalSection(SolutionConfigurationPlatforms) = preSolution
		Debug|x64 = Debug|x64
		Debug|x86 = Debug|x86
		Release|x64 = Release|x64
		Release|x86 = Release|x86
	EndGlobalSection
	GlobalSection(ProjectConfigurationPlatforms) = postSolution
		{EA91DBEF-DB4B-4AE0-AA4F-C93E5E31282E}.Debug|x64.ActiveCfg = Debug|x64
		{EA91DBEF-DB4B-4AE0-AA4F-C93E5E31282E}.Debug|x64.Build.0 = Debug|x64
		{EA91DBEF-DB4B-4AE0-AA4F-C93E5E31282E}.Debug|x86.ActiveCfg = Debug|Win32
		{EA91DBEF-DB4B-4AE0-AA4F-C93E5E31282E}.Debug|x86.Build.0 = Debug|Win32
		{EA91DBEF-DB4B-4AE0-AA4F-C93E5E31282E}.Release|x64.ActiveCfg = Release|x64
		{EA91DBEF-DB4B-4AE0-AA4F-C93E5E31282E}.Release|x64.Build.0 = Release|x64
		{EA91DBEF-DB4B-4AE0-AA4F-C93E5E31282E}.Release|x86.ActiveCfg = Release|Win32
		{EA91DBEF-DB4B-4AE0-AA4F-C93E5E31282E}.Release|x86.Build.0 = Release|Win32
	EndGlobalSection
	GlobalSection(SolutionProperties) = preSolution
		HideSolutionNode = FALSE
	EndGlobalSection
	GlobalSection(ExtensibilityGlobals) = postSolution
		SolutionGuid = {C6B6CF69-8711-4354-B490-CDEA46359165}
	EndGlobalSection
EndGlobal
