<?xml version="1.0" encoding="utf-8"?>
<Project ToolsVersion="4.0" xmlns="http://schemas.microsoft.com/developer/msbuild/2003">
  <ItemGroup>
    <Filter Include="源文件">
      <UniqueIdentifier>{4FC737F1-C7A5-4376-A066-2A32D752A2FF}</UniqueIdentifier>
      <Extensions>cpp;c;cc;cxx;def;odl;idl;hpj;bat;asm;asmx</Extensions>
    </Filter>
    <Filter Include="头文件">
      <UniqueIdentifier>{93995380-89BD-4b04-88EB-625FBE52EBFB}</UniqueIdentifier>
      <Extensions>h;hh;hpp;hxx;hm;inl;inc;ipp;xsd</Extensions>
    </Filter>
    <Filter Include="资源文件">
      <UniqueIdentifier>{67DA6AB6-F800-4c08-8B7A-83BB121AAD01}</UniqueIdentifier>
      <Extensions>rc;ico;cur;bmp;dlg;rc2;rct;bin;rgs;gif;jpg;jpeg;jpe;resx;tiff;tif;png;wav;mfcribbon-ms</Extensions>
    </Filter>
    <Filter Include="头文件\Firefox">
      <UniqueIdentifier>{878e37b2-8562-4f3a-aaac-4f851692f3a8}</UniqueIdentifier>
    </Filter>
    <Filter Include="头文件\Chrome">
      <UniqueIdentifier>{b94e0fe3-9fad-4097-8d33-2cba7cc7948f}</UniqueIdentifier>
    </Filter>
    <Filter Include="源文件\Chrome">
      <UniqueIdentifier>{7984876c-c4a5-4333-bf96-7f1acf5e56a9}</UniqueIdentifier>
    </Filter>
    <Filter Include="源文件\Firefox">
      <UniqueIdentifier>{4c336467-93d8-4dd9-ad73-ed45b87848fa}</UniqueIdentifier>
    </Filter>
  </ItemGroup>
  <ItemGroup>
    <ClInclude Include="test.h">
      <Filter>头文件</Filter>
    </ClInclude>
    <ClInclude Include="getDll.h">
      <Filter>头文件\Firefox</Filter>
    </ClInclude>
    <ClInclude Include="getFileInfo.h">
      <Filter>头文件\Firefox</Filter>
    </ClInclude>
    <ClInclude Include="firefoxDecrypt.h">
      <Filter>头文件\Firefox</Filter>
    </ClInclude>
    <ClInclude Include="chromeDecrypt.h">
      <Filter>头文件\Chrome</Filter>
    </ClInclude>
    <ClInclude Include="formatChange.h">
      <Filter>头文件</Filter>
    </ClInclude>
    <ClInclude Include="DBOption.h">
      <Filter>头文件\Chrome</Filter>
    </ClInclude>
    <ClInclude Include="getLoginData.h">
      <Filter>头文件\Chrome</Filter>
    </ClInclude>
    <ClInclude Include="dllFunc.h">
      <Filter>头文件\Firefox</Filter>
    </ClInclude>
  </ItemGroup>
  <ItemGroup>
    <ClCompile Include="test.cpp">
      <Filter>源文件</Filter>
    </ClCompile>
    <ClCompile Include="chromeDecrypt.cpp">
      <Filter>源文件\Chrome</Filter>
    </ClCompile>
    <ClCompile Include="getLoginData.cpp">
      <Filter>源文件\Chrome</Filter>
    </ClCompile>
    <ClCompile Include="DBOption.cpp">
      <Filter>源文件\Chrome</Filter>
    </ClCompile>
    <ClCompile Include="formatChange.cpp">
      <Filter>源文件</Filter>
    </ClCompile>
    <ClCompile Include="firefoxDecrypt.cpp">
      <Filter>源文件\Firefox</Filter>
    </ClCompile>
    <ClCompile Include="getDll.cpp">
      <Filter>源文件\Firefox</Filter>
    </ClCompile>
    <ClCompile Include="getFileInfo.cpp">
      <Filter>源文件\Firefox</Filter>
    </ClCompile>
  </ItemGroup>
</Project>